
Microsoft Visual Studio Solution File, Format Version 12.00
# Visual Studio Version 16
VisualStudioVersion = 16.0.30413.136
MinimumVisualStudioVersion = 10.0.40219.1
Project("{9A19103F-16F7-4668-BE54-9A1E7A4F7556}") = "SafehouseChat", "Safehouse.Chat\SafehouseChat.csproj", "{FAF17861-4699-4BAF-ABC5-C0B8A043749D}"
EndProject
Project("{9A19103F-16F7-4668-BE54-9A1E7A4F7556}") = "Safehouse.Repository", "Safehouse.Repository\Safehouse.Repository.csproj", "{762960D8-69FE-47DD-BE89-EA807D423A3F}"
EndProject
Project("{9A19103F-16F7-4668-BE54-9A1E7A4F7556}") = "Safehouse.Core", "Safehouse.Core\Safehouse.Core.csproj", "{58802FA0-2EF8-4B7F-9937-54AA05739A65}"
EndProject
Project("{FAE04EC0-301F-11D3-BF4B-00C04F79EFBC}") = "Safehouse.Service", "Safehouse.Service\Safehouse.Service.csproj", "{C4AEE7A0-DEBA-4B57-B201-AEEF57BE6B16}"
EndProject
Global
	GlobalSection(SolutionConfigurationPlatforms) = preSolution
		Debug|Any CPU = Debug|Any CPU
		Release|Any CPU = Release|Any CPU
	EndGlobalSection
	GlobalSection(ProjectConfigurationPlatforms) = postSolution
		{FAF17861-4699-4BAF-ABC5-C0B8A043749D}.Debug|Any CPU.ActiveCfg = Debug|Any CPU
		{FAF17861-4699-4BAF-ABC5-C0B8A043749D}.Debug|Any CPU.Build.0 = Debug|Any CPU
		{FAF17861-4699-4BAF-ABC5-C0B8A043749D}.Release|Any CPU.ActiveCfg = Release|Any CPU
		{FAF17861-4699-4BAF-ABC5-C0B8A043749D}.Release|Any CPU.Build.0 = Release|Any CPU
		{762960D8-69FE-47DD-BE89-EA807D423A3F}.Debug|Any CPU.ActiveCfg = Debug|Any CPU
		{762960D8-69FE-47DD-BE89-EA807D423A3F}.Debug|Any CPU.Build.0 = Debug|Any CPU
		{762960D8-69FE-47DD-BE89-EA807D423A3F}.Release|Any CPU.ActiveCfg = Release|Any CPU
		{762960D8-69FE-47DD-BE89-EA807D423A3F}.Release|Any CPU.Build.0 = Release|Any CPU
		{58802FA0-2EF8-4B7F-9937-54AA05739A65}.Debug|Any CPU.ActiveCfg = Debug|Any CPU
		{58802FA0-2EF8-4B7F-9937-54AA05739A65}.Debug|Any CPU.Build.0 = Debug|Any CPU
		{58802FA0-2EF8-4B7F-9937-54AA05739A65}.Release|Any CPU.ActiveCfg = Release|Any CPU
		{58802FA0-2EF8-4B7F-9937-54AA05739A65}.Release|Any CPU.Build.0 = Release|Any CPU
		{C4AEE7A0-DEBA-4B57-B201-AEEF57BE6B16}.Debug|Any CPU.ActiveCfg = Debug|Any CPU
		{C4AEE7A0-DEBA-4B57-B201-AEEF57BE6B16}.Debug|Any CPU.Build.0 = Debug|Any CPU
		{C4AEE7A0-DEBA-4B57-B201-AEEF57BE6B16}.Release|Any CPU.ActiveCfg = Release|Any CPU
		{C4AEE7A0-DEBA-4B57-B201-AEEF57BE6B16}.Release|Any CPU.Build.0 = Release|Any CPU
	EndGlobalSection
	GlobalSection(SolutionProperties) = preSolution
		HideSolutionNode = FALSE
	EndGlobalSection
	GlobalSection(ExtensibilityGlobals) = postSolution
		SolutionGuid = {C269A304-274E-43D0-A004-9FAC9C1E26F2}
	EndGlobalSection
EndGlobal
